{
    "_meta": {
        "hash": {
            "sha256": "70bb48b45bd65cc5d527e282755b6b0a3973747bfe96c352944892b784130a9c"
        },
        "pipfile-spec": 6,
        "requires": {
            "python_version": "3.8"
        },
        "sources": [
            {
                "name": "pypi",
                "url": "https://pypi.org/simple",
                "verify_ssl": true
            }
        ]
    },
    "default": {
        "amqp": {
            "hashes": [
                "sha256:70cdb10628468ff14e57ec2f751c7aa9e48e7e3651cfd62d431213c0c4e58f21",
                "sha256:aa7f313fb887c91f15474c1229907a04dac0b8135822d6603437803424c0aa59"
            ],
            "markers": "python_version >= '2.7' and python_version not in '3.0, 3.1, 3.2, 3.3, 3.4'",
            "version": "==2.6.1"
        },
        "argon2-cffi": {
            "hashes": [
                "sha256:1029fef2f7808a89e3baa306f5ace36e768a2d847ee7b056399adcd7707f6256",
                "sha256:206857d870c6ca3c92514ca70a3c371be47383f7ae6a448f5a16aa17baa550ba",
                "sha256:3558a7e22b886efad0c99b23b9be24880213b4e2d1630095459978cfcae570e2",
                "sha256:457fd6de741859aa91c750ffad97f12675c4356047e43392c5fb21f5d9f48b24",
                "sha256:4a1daa9f6960cdbdb865efcabac4158693459f52e7582c9f8a7c92dc61cdc8e1",
                "sha256:4bfb603184ea678563c0f1f1872367e81a3d2b70646a627d38ccede68d7b9194",
                "sha256:5d7493ed10e384b84b6dac862fe96c443297a25b991a8364d94a67b6cd1e9569",
                "sha256:5fb080047517add8d27baeb38a314814b5ab9c72630606788909b3f60a8f054a",
                "sha256:7453b16496b5629005a43c5f5707ef8a31fcfa5bb0ed34b5ba7b86a3cc9d02f2",
                "sha256:81548a27b919861040cb928a350733f4f9455dd67c7d1ba92eb5960a1d7f8b26",
                "sha256:84fd768d523f87097d572cdfb98e868cdbdc8e80e3d444787fd32e7f6ae25b02",
                "sha256:8b4cf6c0298f33b92fcd50f19899175b7421690fc8bc6ac68368320c158cbf51",
                "sha256:af6a4799411eee3f7133fead973727f5fefacd18ea23f51039e70cae51ceb109",
                "sha256:df7d60a4cf58dc08319fedc0506b42ec0fa5221c6e1f9e2e89fcddff92507390",
                "sha256:f9072e9f70185a57e36228d34aad4bb644e6a8b4fd6a45f856c666f38f6de96c",
                "sha256:fbae1d08b52f9a791500c650ab51ba00e374eaeccb5dbaa41b99dab4fd4115e8",
                "sha256:fe91e3bd95aeae70366693dcc970db03a71619d19df6fbaabf662c3b3c54cdf8",
                "sha256:fec86ee6f913154846171f66ee30c893c0cde3d434911f8b31c1f84a9aea410e"
            ],
            "index": "pypi",
            "version": "==19.1.0"
        },
        "billiard": {
            "hashes": [
                "sha256:42d9a227401ac4fba892918bba0a0c409def5435c4b483267ebfe821afaaba0e"
            ],
            "version": "==3.5.0.5"
        },
        "boto3": {
            "hashes": [
                "sha256:8d6f3c548f0ee03d742f404c96515e7579fc6968135aaa50dd855a046698ff79",
                "sha256:d857feb6af9932e1ee3a748060a2cd9fd6043dbbccf66976eda54586597efdc0"
            ],
            "version": "==1.21.18"
        },
        "botocore": {
            "hashes": [
                "sha256:7ea8ef1ff7c4882ab59b337662f90ddf5ea860e95e7e209dca593a34ea585b1b",
                "sha256:d2da7ccbc5ddd61fe3cd45fcbd3de380d9e3a15bfa8fbfd2d9259a93dcc60c56"
            ],
            "markers": "python_version >= '3.6'",
            "version": "==1.24.18"
        },
        "celery": {
            "hashes": [
                "sha256:77dab4677e24dc654d42dfbdfed65fa760455b6bb563a0877ecc35f4cfcfc678",
                "sha256:ad7a7411772b80a4d6c64f2f7f723200e39fb66cf614a7fdfab76d345acc7b13"
            ],
            "index": "pypi",
            "version": "==4.2.1"
        },
        "certifi": {
            "hashes": [
                "sha256:78884e7c1d4b00ce3cea67b44566851c4343c120abd683433ce934a68ea58872",
                "sha256:d62a0163eb4c2344ac042ab2bdf75399a71a2d8c7d47eac2e2ee91b9d6339569"
            ],
            "version": "==2021.10.8"
        },
        "cffi": {
            "hashes": [
                "sha256:00c878c90cb53ccfaae6b8bc18ad05d2036553e6d9d1d9dbcf323bbe83854ca3",
                "sha256:0104fb5ae2391d46a4cb082abdd5c69ea4eab79d8d44eaaf79f1b1fd806ee4c2",
                "sha256:06c48159c1abed75c2e721b1715c379fa3200c7784271b3c46df01383b593636",
                "sha256:0808014eb713677ec1292301ea4c81ad277b6cdf2fdd90fd540af98c0b101d20",
                "sha256:10dffb601ccfb65262a27233ac273d552ddc4d8ae1bf93b21c94b8511bffe728",
                "sha256:14cd121ea63ecdae71efa69c15c5543a4b5fbcd0bbe2aad864baca0063cecf27",
                "sha256:17771976e82e9f94976180f76468546834d22a7cc404b17c22df2a2c81db0c66",
                "sha256:181dee03b1170ff1969489acf1c26533710231c58f95534e3edac87fff06c443",
                "sha256:23cfe892bd5dd8941608f93348c0737e369e51c100d03718f108bf1add7bd6d0",
                "sha256:263cc3d821c4ab2213cbe8cd8b355a7f72a8324577dc865ef98487c1aeee2bc7",
                "sha256:2756c88cbb94231c7a147402476be2c4df2f6078099a6f4a480d239a8817ae39",
                "sha256:27c219baf94952ae9d50ec19651a687b826792055353d07648a5695413e0c605",
                "sha256:2a23af14f408d53d5e6cd4e3d9a24ff9e05906ad574822a10563efcef137979a",
                "sha256:31fb708d9d7c3f49a60f04cf5b119aeefe5644daba1cd2a0fe389b674fd1de37",
                "sha256:3415c89f9204ee60cd09b235810be700e993e343a408693e80ce7f6a40108029",
                "sha256:3773c4d81e6e818df2efbc7dd77325ca0dcb688116050fb2b3011218eda36139",
                "sha256:3b96a311ac60a3f6be21d2572e46ce67f09abcf4d09344c49274eb9e0bf345fc",
                "sha256:3f7d084648d77af029acb79a0ff49a0ad7e9d09057a9bf46596dac9514dc07df",
                "sha256:41d45de54cd277a7878919867c0f08b0cf817605e4eb94093e7516505d3c8d14",
                "sha256:4238e6dab5d6a8ba812de994bbb0a79bddbdf80994e4ce802b6f6f3142fcc880",
                "sha256:45db3a33139e9c8f7c09234b5784a5e33d31fd6907800b316decad50af323ff2",
                "sha256:45e8636704eacc432a206ac7345a5d3d2c62d95a507ec70d62f23cd91770482a",
                "sha256:4958391dbd6249d7ad855b9ca88fae690783a6be9e86df65865058ed81fc860e",
                "sha256:4a306fa632e8f0928956a41fa8e1d6243c71e7eb59ffbd165fc0b41e316b2474",
                "sha256:57e9ac9ccc3101fac9d6014fba037473e4358ef4e89f8e181f8951a2c0162024",
                "sha256:59888172256cac5629e60e72e86598027aca6bf01fa2465bdb676d37636573e8",
                "sha256:5e069f72d497312b24fcc02073d70cb989045d1c91cbd53979366077959933e0",
                "sha256:64d4ec9f448dfe041705426000cc13e34e6e5bb13736e9fd62e34a0b0c41566e",
                "sha256:6dc2737a3674b3e344847c8686cf29e500584ccad76204efea14f451d4cc669a",
                "sha256:74fdfdbfdc48d3f47148976f49fab3251e550a8720bebc99bf1483f5bfb5db3e",
                "sha256:75e4024375654472cc27e91cbe9eaa08567f7fbdf822638be2814ce059f58032",
                "sha256:786902fb9ba7433aae840e0ed609f45c7bcd4e225ebb9c753aa39725bb3e6ad6",
                "sha256:8b6c2ea03845c9f501ed1313e78de148cd3f6cad741a75d43a29b43da27f2e1e",
                "sha256:91d77d2a782be4274da750752bb1650a97bfd8f291022b379bb8e01c66b4e96b",
                "sha256:91ec59c33514b7c7559a6acda53bbfe1b283949c34fe7440bcf917f96ac0723e",
                "sha256:920f0d66a896c2d99f0adbb391f990a84091179542c205fa53ce5787aff87954",
                "sha256:a5263e363c27b653a90078143adb3d076c1a748ec9ecc78ea2fb916f9b861962",
                "sha256:abb9a20a72ac4e0fdb50dae135ba5e77880518e742077ced47eb1499e29a443c",
                "sha256:c2051981a968d7de9dd2d7b87bcb9c939c74a34626a6e2f8181455dd49ed69e4",
                "sha256:c21c9e3896c23007803a875460fb786118f0cdd4434359577ea25eb556e34c55",
                "sha256:c2502a1a03b6312837279c8c1bd3ebedf6c12c4228ddbad40912d671ccc8a962",
                "sha256:d4d692a89c5cf08a8557fdeb329b82e7bf609aadfaed6c0d79f5a449a3c7c023",
                "sha256:da5db4e883f1ce37f55c667e5c0de439df76ac4cb55964655906306918e7363c",
                "sha256:e7022a66d9b55e93e1a845d8c9eba2a1bebd4966cd8bfc25d9cd07d515b33fa6",
                "sha256:ef1f279350da2c586a69d32fc8733092fd32cc8ac95139a00377841f59a3f8d8",
                "sha256:f54a64f8b0c8ff0b64d18aa76675262e1700f3995182267998c31ae974fbc382",
                "sha256:f5c7150ad32ba43a07c4479f40241756145a1f03b43480e058cfd862bf5041c7",
                "sha256:f6f824dc3bce0edab5f427efcfb1d63ee75b6fcb7282900ccaf925be84efb0fc",
                "sha256:fd8a250edc26254fe5b33be00402e6d287f562b6a5b2152dec302fa15bb3e997",
                "sha256:ffaa5c925128e29efbde7301d8ecaf35c8c60ffbcd6a1ffd3a552177c8e5e796"
            ],
            "version": "==1.15.0"
        },
        "charset-normalizer": {
            "hashes": [
                "sha256:2857e29ff0d34db842cd7ca3230549d1a697f96ee6d3fb071cfa6c7393832597",
                "sha256:6881edbebdb17b39b4eaaa821b438bf6eddffb4468cf344f09f89def34a8b1df"
            ],
            "markers": "python_version >= '3'",
            "version": "==2.0.12"
        },
        "coreapi": {
            "hashes": [
                "sha256:46145fcc1f7017c076a2ef684969b641d18a2991051fddec9458ad3f78ffc1cb",
                "sha256:bf39d118d6d3e171f10df9ede5666f63ad80bba9a29a8ec17726a66cf52ee6f3"
            ],
            "index": "pypi",
            "version": "==2.3.3"
        },
        "coreschema": {
            "hashes": [
                "sha256:5e6ef7bf38c1525d5e55a895934ab4273548629f16aed5c0a6caa74ebf45551f",
                "sha256:9503506007d482ab0867ba14724b93c18a33b22b6d19fb419ef2d239dd4a1607"
            ],
            "version": "==0.0.4"
        },
        "defusedxml": {
            "hashes": [
                "sha256:1bb3032db185915b62d7c6209c5a8792be6a32ab2fedacc84e01b52c51aa3e69",
                "sha256:a352e7e428770286cc899e2542b6cdaedb2b4953ff269a210103ec58f6198a61"
            ],
            "markers": "python_version >= '2.7' and python_version not in '3.0, 3.1, 3.2, 3.3, 3.4'",
            "version": "==0.7.1"
        },
        "django": {
            "hashes": [
                "sha256:665457d4146bbd34ae9d2970fa3b37082d7b225b0671bfd24c337458f229db78",
                "sha256:bde46d4dbc410678e89bc95ea5d312dd6eb4c37d0fa0e19c9415cad94addf22f"
            ],
            "index": "pypi",
            "version": "==2.0.13"
        },
        "django-allauth": {
            "hashes": [
                "sha256:45661b6fe308466154adf54461679fab6f0c6850b10c56dc322fbbb9d47e03d9"
            ],
            "index": "pypi",
            "version": "==0.38.0"
        },
        "django-anymail": {
            "extras": [
                "mailgun"
            ],
            "hashes": [
                "sha256:845edd136d9945972c507fa4d975286904bf5cb9da137925a0e44fd93caed875",
                "sha256:8a845b6daf398e266b323c551a087d61f08215119e67acb4b496843afe301988"
            ],
            "index": "pypi",
            "version": "==5.0"
        },
        "django-appconf": {
            "hashes": [
                "sha256:ae9f864ee1958c815a965ed63b3fba4874eec13de10236ba063a788f9a17389d",
                "sha256:be3db0be6c81fa84742000b89a81c016d70ae66a7ccb620cdef592b1f1a6aaa4"
            ],
            "markers": "python_version >= '3.6'",
            "version": "==1.0.5"
        },
        "django-compressor": {
            "hashes": [
                "sha256:7732676cfb9d58498dfb522b036f75f3f253f72ea1345ac036434fdc418c2e57",
                "sha256:9616570e5b08e92fa9eadc7a1b1b49639cce07ef392fc27c74230ab08075b30f"
            ],
            "index": "pypi",
            "version": "==2.2"
        },
        "django-crispy-forms": {
            "hashes": [
                "sha256:5952bab971110d0b86c278132dae0aa095beee8f723e625c3d3fa28888f1675f",
                "sha256:705ededc554ad8736157c666681165fe22ead2dec0d5446d65fc9dd976a5a876"
            ],
            "index": "pypi",
            "version": "==1.7.2"
        },
        "django-environ": {
            "hashes": [
                "sha256:6c9d87660142608f63ec7d5ce5564c49b603ea8ff25da595fd6098f6dc82afde",
                "sha256:c57b3c11ec1f319d9474e3e5a79134f40174b17c7cc024bbb2fad84646b120c4"
            ],
            "index": "pypi",
            "version": "==0.4.5"
        },
        "django-model-utils": {
            "hashes": [
                "sha256:2c057f3bf0859aba27f04389f0cedd2d48f8c9b3848acb86fd9970794e58f477",
                "sha256:8cd377744aa45f9f131d652ec460c57d1aaa88d3e9b586c8e27eb709341b9084"
            ],
            "index": "pypi",
            "version": "==3.1.2"
        },
        "django-redis": {
            "hashes": [
                "sha256:af0b393864e91228dd30d8c85b5c44d670b5524cb161b7f9e41acc98b6e5ace7",
                "sha256:f46115577063d00a890867c6964ba096057f07cb756e78e0503b89cd18e4e083"
            ],
            "index": "pypi",
            "version": "==4.10.0"
        },
        "django-storages": {
            "extras": [
                "boto3"
            ],
            "hashes": [
                "sha256:8e35d2c7baeda5dc6f0b4f9a0fc142d25f9a1bf72b8cebfcbc5db4863abc552d",
                "sha256:b1a63cd5ea286ee5a9fb45de6c3c5c0ae132d58308d06f1ce9865cfcd5e470a7"
            ],
            "index": "pypi",
            "version": "==1.7.1"
        },
        "djangorestframework": {
            "hashes": [
                "sha256:79c6efbb2514bc50cf25906d7c0a5cfead714c7af667ff4bd110312cd380ae66",
                "sha256:a4138613b67e3a223be6c97f53b13d759c5b90d2b433bad670b8ebf95402075f"
            ],
            "index": "pypi",
            "version": "==3.9.1"
        },
        "gunicorn": {
            "hashes": [
                "sha256:aa8e0b40b4157b36a5df5e599f45c9c76d6af43845ba3b3b0efe2c70473c2471",
                "sha256:fa2662097c66f920f53f70621c6c58ca4a3c4d3434205e608e121b5b3b71f4f3"
            ],
            "index": "pypi",
            "version": "==19.9.0"
        },
        "idna": {
            "hashes": [
                "sha256:84d9dd047ffa80596e0f246e2eab0b391788b0503584e8945f2368256d2735ff",
                "sha256:9d643ff0a55b762d5cdb124b8eaa99c66322e2157b69160bc32796e824360e6d"
            ],
            "markers": "python_version >= '3'",
            "version": "==3.3"
        },
        "itypes": {
            "hashes": [
                "sha256:03da6872ca89d29aef62773672b2d408f490f80db48b23079a4b194c86dd04c6",
                "sha256:af886f129dea4a2a1e3d36595a2d139589e4dd287f5cab0b40e799ee81570ff1"
            ],
            "version": "==1.2.0"
        },
        "jinja2": {
            "hashes": [
                "sha256:077ce6014f7b40d03b47d1f1ca4b0fc8328a692bd284016f806ed0eaca390ad8",
                "sha256:611bb273cd68f3b993fabdc4064fc858c5b47a973cb5aa7999ec1ba405c87cd7"
            ],
            "markers": "python_version >= '3.6'",
            "version": "==3.0.3"
        },
        "jmespath": {
            "hashes": [
                "sha256:b85d0567b8666149a93172712e68920734333c0ce7e89b78b3e987f71e5ed4f9",
                "sha256:cdf6525904cc597730141d61b36f2e4b8ecc257c420fa2f4549bac2c2d0cb72f"
            ],
            "markers": "python_version >= '2.6' and python_version not in '3.0, 3.1, 3.2, 3.3'",
            "version": "==0.10.0"
        },
        "kombu": {
            "hashes": [
                "sha256:be48cdffb54a2194d93ad6533d73f69408486483d189fe9f5990ee24255b0e0a",
                "sha256:ca1b45faac8c0b18493d02a8571792f3c40291cf2bcf1f55afed3d8f3aa7ba74"
            ],
            "markers": "python_version >= '2.7' and python_version not in '3.0, 3.1, 3.2, 3.3, 3.4'",
            "version": "==4.6.11"
        },
        "markupsafe": {
            "hashes": [
                "sha256:023af8c54fe63530545f70dd2a2a7eed18d07a9a77b94e8bf1e2ff7f252db9a3",
                "sha256:09c86c9643cceb1d87ca08cdc30160d1b7ab49a8a21564868921959bd16441b8",
                "sha256:142119fb14a1ef6d758912b25c4e803c3ff66920635c44078666fe7cc3f8f759",
                "sha256:1d1fb9b2eec3c9714dd936860850300b51dbaa37404209c8d4cb66547884b7ed",
                "sha256:204730fd5fe2fe3b1e9ccadb2bd18ba8712b111dcabce185af0b3b5285a7c989",
                "sha256:24c3be29abb6b34052fd26fc7a8e0a49b1ee9d282e3665e8ad09a0a68faee5b3",
                "sha256:290b02bab3c9e216da57c1d11d2ba73a9f73a614bbdcc027d299a60cdfabb11a",
                "sha256:3028252424c72b2602a323f70fbf50aa80a5d3aa616ea6add4ba21ae9cc9da4c",
                "sha256:30c653fde75a6e5eb814d2a0a89378f83d1d3f502ab710904ee585c38888816c",
                "sha256:3cace1837bc84e63b3fd2dfce37f08f8c18aeb81ef5cf6bb9b51f625cb4e6cd8",
                "sha256:4056f752015dfa9828dce3140dbadd543b555afb3252507348c493def166d454",
                "sha256:454ffc1cbb75227d15667c09f164a0099159da0c1f3d2636aa648f12675491ad",
                "sha256:598b65d74615c021423bd45c2bc5e9b59539c875a9bdb7e5f2a6b92dfcfc268d",
                "sha256:599941da468f2cf22bf90a84f6e2a65524e87be2fce844f96f2dd9a6c9d1e635",
                "sha256:5ddea4c352a488b5e1069069f2f501006b1a4362cb906bee9a193ef1245a7a61",
                "sha256:62c0285e91414f5c8f621a17b69fc0088394ccdaa961ef469e833dbff64bd5ea",
                "sha256:679cbb78914ab212c49c67ba2c7396dc599a8479de51b9a87b174700abd9ea49",
                "sha256:6e104c0c2b4cd765b4e83909cde7ec61a1e313f8a75775897db321450e928cce",
                "sha256:736895a020e31b428b3382a7887bfea96102c529530299f426bf2e636aacec9e",
                "sha256:75bb36f134883fdbe13d8e63b8675f5f12b80bb6627f7714c7d6c5becf22719f",
                "sha256:7d2f5d97fcbd004c03df8d8fe2b973fe2b14e7bfeb2cfa012eaa8759ce9a762f",
                "sha256:80beaf63ddfbc64a0452b841d8036ca0611e049650e20afcb882f5d3c266d65f",
                "sha256:84ad5e29bf8bab3ad70fd707d3c05524862bddc54dc040982b0dbcff36481de7",
                "sha256:8da5924cb1f9064589767b0f3fc39d03e3d0fb5aa29e0cb21d43106519bd624a",
                "sha256:961eb86e5be7d0973789f30ebcf6caab60b844203f4396ece27310295a6082c7",
                "sha256:96de1932237abe0a13ba68b63e94113678c379dca45afa040a17b6e1ad7ed076",
                "sha256:a0a0abef2ca47b33fb615b491ce31b055ef2430de52c5b3fb19a4042dbc5cadb",
                "sha256:b2a5a856019d2833c56a3dcac1b80fe795c95f401818ea963594b345929dffa7",
                "sha256:b8811d48078d1cf2a6863dafb896e68406c5f513048451cd2ded0473133473c7",
                "sha256:c532d5ab79be0199fa2658e24a02fce8542df196e60665dd322409a03db6a52c",
                "sha256:d3b64c65328cb4cd252c94f83e66e3d7acf8891e60ebf588d7b493a55a1dbf26",
                "sha256:d4e702eea4a2903441f2735799d217f4ac1b55f7d8ad96ab7d4e25417cb0827c",
                "sha256:d5653619b3eb5cbd35bfba3c12d575db2a74d15e0e1c08bf1db788069d410ce8",
                "sha256:d66624f04de4af8bbf1c7f21cc06649c1c69a7f84109179add573ce35e46d448",
                "sha256:e67ec74fada3841b8c5f4c4f197bea916025cb9aa3fe5abf7d52b655d042f956",
                "sha256:e6f7f3f41faffaea6596da86ecc2389672fa949bd035251eab26dc6697451d05",
                "sha256:f02cf7221d5cd915d7fa58ab64f7ee6dd0f6cddbb48683debf5d04ae9b1c2cc1",
                "sha256:f0eddfcabd6936558ec020130f932d479930581171368fd728efcfb6ef0dd357",
                "sha256:fabbe18087c3d33c5824cb145ffca52eccd053061df1d79d4b66dafa5ad2a5ea",
                "sha256:fc3150f85e2dbcf99e65238c842d1cfe69d3e7649b19864c1cc043213d9cd730"
            ],
            "markers": "python_version >= '3.7'",
            "version": "==2.1.0"
        },
        "oauthlib": {
            "hashes": [
                "sha256:23a8208d75b902797ea29fd31fa80a15ed9dc2c6c16fe73f5d346f83f6fa27a2",
                "sha256:6db33440354787f9b7f3a6dbd4febf5d0f93758354060e802f6c06cb493022fe"
            ],
            "markers": "python_version >= '3.6'",
            "version": "==3.2.0"
        },
        "pillow": {
            "hashes": [
                "sha256:011233e0c42a4a7836498e98c1acf5e744c96a67dd5032a6f666cc1fb97eab97",
                "sha256:0f29d831e2151e0b7b39981756d201f7108d3d215896212ffe2e992d06bfe049",
                "sha256:12875d118f21cf35604176872447cdb57b07126750a33748bac15e77f90f1f9c",
                "sha256:14d4b1341ac07ae07eb2cc682f459bec932a380c3b122f5540432d8977e64eae",
                "sha256:1c3c33ac69cf059bbb9d1a71eeaba76781b450bc307e2291f8a4764d779a6b28",
                "sha256:1d19397351f73a88904ad1aee421e800fe4bbcd1aeee6435fb62d0a05ccd1030",
                "sha256:253e8a302a96df6927310a9d44e6103055e8fb96a6822f8b7f514bb7ef77de56",
                "sha256:2632d0f846b7c7600edf53c48f8f9f1e13e62f66a6dbc15191029d950bfed976",
                "sha256:335ace1a22325395c4ea88e00ba3dc89ca029bd66bd5a3c382d53e44f0ccd77e",
                "sha256:413ce0bbf9fc6278b2d63309dfeefe452835e1c78398efb431bab0672fe9274e",
                "sha256:5100b45a4638e3c00e4d2320d3193bdabb2d75e79793af7c3eb139e4f569f16f",
                "sha256:514ceac913076feefbeaf89771fd6febde78b0c4c1b23aaeab082c41c694e81b",
                "sha256:528a2a692c65dd5cafc130de286030af251d2ee0483a5bf50c9348aefe834e8a",
                "sha256:6295f6763749b89c994fcb6d8a7f7ce03c3992e695f89f00b741b4580b199b7e",
                "sha256:6c8bc8238a7dfdaf7a75f5ec5a663f4173f8c367e5a39f87e720495e1eed75fa",
                "sha256:718856856ba31f14f13ba885ff13874be7fefc53984d2832458f12c38205f7f7",
                "sha256:7f7609a718b177bf171ac93cea9fd2ddc0e03e84d8fa4e887bdfc39671d46b00",
                "sha256:80ca33961ced9c63358056bd08403ff866512038883e74f3a4bf88ad3eb66838",
                "sha256:80fe64a6deb6fcfdf7b8386f2cf216d329be6f2781f7d90304351811fb591360",
                "sha256:81c4b81611e3a3cb30e59b0cf05b888c675f97e3adb2c8672c3154047980726b",
                "sha256:855c583f268edde09474b081e3ddcd5cf3b20c12f26e0d434e1386cc5d318e7a",
                "sha256:9bfdb82cdfeccec50aad441afc332faf8606dfa5e8efd18a6692b5d6e79f00fd",
                "sha256:a5d24e1d674dd9d72c66ad3ea9131322819ff86250b30dc5821cbafcfa0b96b4",
                "sha256:a9f44cd7e162ac6191491d7249cceb02b8116b0f7e847ee33f739d7cb1ea1f70",
                "sha256:b5b3f092fe345c03bca1e0b687dfbb39364b21ebb8ba90e3fa707374b7915204",
                "sha256:b9618823bd237c0d2575283f2939655f54d51b4527ec3972907a927acbcc5bfc",
                "sha256:cef9c85ccbe9bee00909758936ea841ef12035296c748aaceee535969e27d31b",
                "sha256:d21237d0cd37acded35154e29aec853e945950321dd2ffd1a7d86fe686814669",
                "sha256:d3c5c79ab7dfce6d88f1ba639b77e77a17ea33a01b07b99840d6ed08031cb2a7",
                "sha256:d9d7942b624b04b895cb95af03a23407f17646815495ce4547f0e60e0b06f58e",
                "sha256:db6d9fac65bd08cea7f3540b899977c6dee9edad959fa4eaf305940d9cbd861c",
                "sha256:ede5af4a2702444a832a800b8eb7f0a7a1c0eed55b644642e049c98d589e5092",
                "sha256:effb7749713d5317478bb3acb3f81d9d7c7f86726d41c1facca068a04cf5bb4c",
                "sha256:f154d173286a5d1863637a7dcd8c3437bb557520b01bddb0be0258dcb72696b5",
                "sha256:f25ed6e28ddf50de7e7ea99d7a976d6a9c415f03adcaac9c41ff6ff41b6d86ac"
            ],
            "index": "pypi",
            "version": "==9.0.1"
        },
        "psycopg2": {
            "hashes": [
                "sha256:027ae518d0e3b8fff41990e598bc7774c3d08a3a20e9ecc0b59fb2aaaf152f7f",
                "sha256:092a80da1b052a181b6e6c765849c9b32d46c5dac3b81bf8c9b83e697f3cdbe8",
                "sha256:0b9851e798bae024ed1a2a6377a8dab4b8a128a56ed406f572f9f06194e4b275",
                "sha256:179c52eb870110a8c1b460c86d4f696d58510ea025602cd3f81453746fccb94f",
                "sha256:19983b77ec1fc2a210092aa0333ee48811fd9fb5f194c6cd5b927ed409aea5f8",
                "sha256:1d90379d01d0dc50ae9b40c863933d87ff82d51dd7d52cea5d1cb7019afd72cd",
                "sha256:27467fd5af1dcc0a82d72927113b8f92da8f44b2efbdb8906bd76face95b596d",
                "sha256:32702e3bd8bfe12b36226ba9846ed9e22336fc4bd710039d594b36bd432ae255",
                "sha256:33f9e1032095e1436fa9ec424abcbd4c170da934fb70e391c5d78275d0307c75",
                "sha256:36030ca7f4b4519ee4f52a74edc4ec73c75abfb6ea1d80ac7480953d1c0aa3c3",
                "sha256:363fbbf4189722fc46779be1fad2597e2c40b3f577dc618f353a46391cf5d235",
                "sha256:6f302c486132f8dd11f143e919e236ea4467d53bf18c451cac577e6988ecbd05",
                "sha256:733166464598c239323142c071fa4c9b91c14359176e5ae7e202db6bcc1d2eb5",
                "sha256:7cbc3b21ce2f681ca9ad2d8c0901090b23a30c955e980ebf1006d41f37068a95",
                "sha256:888bba7841116e529f407f15c6d28fe3ef0760df8c45257442ec2f14f161c871",
                "sha256:8966829cb0d21a08a3c5ac971a2eb67c3927ae27c247300a8476554cc0ce2ae8",
                "sha256:8bf51191d60f6987482ef0cfe8511bbf4877a5aa7f313d7b488b53189cf26209",
                "sha256:8eb94c0625c529215b53c08fb4e461546e2f3fc96a49c13d5474b5ad7aeab6cf",
                "sha256:8ebba5314c609a05c6955e5773c7e0e57b8dd817e4f751f30de729be58fa5e78",
                "sha256:932a4c101af007cb3132b1f8a9ffef23386acc53dad46536dc5ba43a3235ae02",
                "sha256:ad75fe10bea19ad2188c5cb5fc4cdf53ee808d9b44578c94a3cd1e9fc2beb656",
                "sha256:aeaba399254ca79c299d9fe6aa811d3c3eac61458dee10270de7f4e71c624998",
                "sha256:b178e0923c93393e16646155794521e063ec17b7cc9f943f15b7d4b39776ea2c",
                "sha256:b68e89bb086a9476fa85298caab43f92d0a6af135a5f433d1f6b6d82cafa7b55",
                "sha256:d74cf9234ba76426add5e123449be08993a9b13ff434c6efa3a07caa305a619f",
                "sha256:f3d3a88128f0c219bdc5b2d9ccd496517199660cea021c560a3252116df91cbd",
                "sha256:fe6a7f87356116f5ea840c65b032af17deef0e1a5c34013a2962dd6f99b860dd"
            ],
            "index": "pypi",
            "version": "==2.7.4"
        },
        "pycparser": {
            "hashes": [
                "sha256:8ee45429555515e1f6b185e78100aea234072576aa43ab53aefcae078162fca9",
                "sha256:e644fdec12f7872f86c58ff790da456218b10f863970249516d60a5eaca77206"
            ],
            "markers": "python_version >= '2.7' and python_version not in '3.0, 3.1, 3.2, 3.3'",
            "version": "==2.21"
        },
        "python-dateutil": {
            "hashes": [
                "sha256:0123cacc1627ae19ddf3c27a5de5bd67ee4586fbdd6440d9748f8abb483d3e86",
                "sha256:961d03dc3453ebbc59dbdea9e4e11c5651520a876d0f4db161e8674aae935da9"
            ],
            "markers": "python_version >= '2.7' and python_version not in '3.0, 3.1, 3.2, 3.3'",
            "version": "==2.8.2"
        },
        "python-slugify": {
            "hashes": [
                "sha256:d3e034397236020498e677a35e5c05dcc6ba1624b608b9ef7e5fe3090ccbd5a8"
            ],
            "index": "pypi",
            "version": "==2.0.1"
        },
        "python3-openid": {
            "hashes": [
                "sha256:33fbf6928f401e0b790151ed2b5290b02545e8775f982485205a066f874aaeaf",
                "sha256:6626f771e0417486701e0b4daff762e7212e820ca5b29fcc0d05f6f8736dfa6b"
            ],
            "version": "==3.2.0"
        },
        "pytz": {
            "hashes": [
                "sha256:32b0891edff07e28efe91284ed9c31e123d84bea3fd98e1f72be2508f43ef8d9",
                "sha256:d5f05e487007e29e03409f9398d074e158d920d36eb82eaf66fb1136b0c5374c"
            ],
            "index": "pypi",
            "version": "==2018.9"
        },
        "raven": {
            "hashes": [
                "sha256:3fa6de6efa2493a7c827472e984ce9b020797d0da16f1db67197bcc23c8fae54",
                "sha256:44a13f87670836e153951af9a3c80405d36b43097db869a36e92809673692ce4"
            ],
            "index": "pypi",
            "version": "==6.10.0"
        },
        "rcssmin": {
            "hashes": [
                "sha256:ca87b695d3d7864157773a61263e5abb96006e9ff0e021eff90cbe0e1ba18270"
            ],
            "index": "pypi",
            "version": "==1.0.6"
        },
        "redis": {
            "hashes": [
                "sha256:8a1900a9f2a0a44ecf6e8b5eb3e967a9909dfed219ad66df094f27f7d6f330fb",
                "sha256:a22ca993cea2962dbb588f9f30d0015ac4afcc45bee27d3978c0dbe9e97c6c0f"
            ],
            "index": "pypi",
            "version": "==2.10.6"
        },
        "requests": {
            "hashes": [
                "sha256:68d7c56fd5a8999887728ef304a6d12edc7be74f1cfa47714fc8b414525c9a61",
                "sha256:f22fa1e554c9ddfd16e6e41ac79759e17be9e492b3587efa038054674760e72d"
            ],
            "markers": "python_version >= '2.7' and python_version not in '3.0, 3.1, 3.2, 3.3, 3.4, 3.5'",
            "version": "==2.27.1"
        },
        "requests-oauthlib": {
            "hashes": [
                "sha256:2577c501a2fb8d05a304c09d090d6e47c306fef15809d102b327cf8364bddab5",
                "sha256:75beac4a47881eeb94d5ea5d6ad31ef88856affe2332b9aafb52c6452ccf0d7a"
            ],
            "markers": "python_version >= '2.7' and python_version not in '3.0, 3.1, 3.2, 3.3'",
            "version": "==1.3.1"
        },
        "rjsmin": {
            "hashes": [
                "sha256:dd9591aa73500b08b7db24367f8d32c6470021f39d5ab4e50c7c02e4401386f1"
            ],
            "version": "==1.0.12"
        },
        "s3transfer": {
            "hashes": [
                "sha256:7a6f4c4d1fdb9a2b640244008e142cbc2cd3ae34b386584ef044dd0f27101971",
                "sha256:95c58c194ce657a5f4fb0b9e60a84968c808888aed628cd98ab8771fe1db98ed"
            ],
            "markers": "python_version >= '3.6'",
            "version": "==0.5.2"
        },
        "six": {
            "hashes": [
                "sha256:1e61c37477a1626458e36f7b1d82aa5c9b094fa4802892072e49de9c60c4c926",
                "sha256:8abb2f1d86890a2dfb989f9a77cfcfd3e47c2a354b01111771326f8aa26e0254"
            ],
            "markers": "python_version >= '2.7' and python_version not in '3.0, 3.1, 3.2, 3.3'",
            "version": "==1.16.0"
        },
        "unidecode": {
            "hashes": [
                "sha256:8e4352fb93d5a735c788110d2e7ac8e8031eb06ccbfe8d324ab71735015f9342",
                "sha256:afa04efcdd818a93237574791be9b2817d7077c25a068b00f8cff7baa4e59257"
            ],
            "markers": "python_version >= '3.5'",
            "version": "==1.3.4"
        },
        "uritemplate": {
            "hashes": [
                "sha256:4346edfc5c3b79f694bccd6d6099a322bbeb628dbf2cd86eea55a456ce5124f0",
                "sha256:830c08b8d99bdd312ea4ead05994a38e8936266f84b9a7878232db50b044e02e"
            ],
            "markers": "python_version >= '3.6'",
            "version": "==4.1.1"
        },
        "urllib3": {
            "hashes": [
                "sha256:000ca7f471a233c2251c6c7023ee85305721bfdf18621ebff4fd17a8653427ed",
                "sha256:0e7c33d9a63e7ddfcb86780aac87befc2fbddf46c58dbb487e0855f7ceec283c"
            ],
            "markers": "python_version >= '2.7' and python_version not in '3.0, 3.1, 3.2, 3.3, 3.4' and python_version < '4'",
            "version": "==1.26.8"
        },
        "vine": {
            "hashes": [
                "sha256:133ee6d7a9016f177ddeaf191c1f58421a1dcc6ee9a42c58b34bed40e1d2cd87",
                "sha256:ea4947cc56d1fd6f2095c8d543ee25dad966f78692528e68b4fada11ba3f98af"
            ],
            "markers": "python_version >= '2.7' and python_version not in '3.0, 3.1, 3.2, 3.3'",
            "version": "==1.3.0"
        },
        "whitenoise": {
            "hashes": [
                "sha256:118ab3e5f815d380171b100b05b76de2a07612f422368a201a9ffdeefb2251c1",
                "sha256:42133ddd5229eeb6a0c9899496bdbe56c292394bf8666da77deeb27454c0456a"
            ],
            "index": "pypi",
            "version": "==4.1.2"
        }
    },
    "develop": {}
}
